schema: '2.0'
stages:
  data_ingestion:
    cmd: python src\data\data_ingestion.py
    deps:
    - path: src\data\data_ingestion.py
      hash: md5
      md5: 8fa92cccd6df41b1d7f6ccc47ddb5475
      size: 1286
    params:
      params.yaml:
        data_ingestion.test_size: 0.3
    outs:
    - path: data\raw\test_data.csv
      hash: md5
      md5: 00e92fbd32276319d5b2efb0c047cd51
      size: 248475
    - path: data\raw\train_data.csv
      hash: md5
      md5: 0b51c9a20421c5215654dc30eb0cb163
      size: 579498
  data_preprocessing:
    cmd: python src\data\data_preprocessing.py
    deps:
    - path: data\raw\test_data.csv
      hash: md5
      md5: 00e92fbd32276319d5b2efb0c047cd51
      size: 248475
    - path: data\raw\train_data.csv
      hash: md5
      md5: 0b51c9a20421c5215654dc30eb0cb163
      size: 579498
    - path: src\data\data_preprocessing.py
      hash: md5
      md5: 229addb9d7b865fab28ed22b742b15df
      size: 3206
    outs:
    - path: data\processed\test_data.csv
      hash: md5
      md5: 77e002c6632d604c0bfd70d9b845847e
      size: 169992
    - path: data\processed\train_data.csv
      hash: md5
      md5: c91070b226cb06f9b54abdf85ebb2cd4
      size: 396218
  feature_engineering:
    cmd: python src\features\features.py
    deps:
    - path: data\processed\test_data.csv
      hash: md5
      md5: 77e002c6632d604c0bfd70d9b845847e
      size: 169992
    - path: data\processed\train_data.csv
      hash: md5
      md5: c91070b226cb06f9b54abdf85ebb2cd4
      size: 396218
    - path: src\features\features.py
      hash: md5
      md5: a4a9955c543b5fbdf6649d1ab4b3aff3
      size: 1514
    params:
      params.yaml:
        feature_engineering.max_features: 200
    outs:
    - path: data\interim\test_tfidf.csv
      hash: md5
      md5: 12fe5b6bb8414e109d2fe9e8ff881485
      size: 2648591
    - path: data\interim\train_tfidf.csv
      hash: md5
      md5: cc70544e772be7bcc98e2a78d34bdf30
      size: 6183140
  modelling:
    cmd: python src\modelling\modelling.py
    deps:
    - path: data\interim\train_tfidf.csv
      hash: md5
      md5: cc70544e772be7bcc98e2a78d34bdf30
      size: 6183140
    - path: src\modelling\modelling.py
      hash: md5
      md5: 5a93d835e5945ad816c6614faf5f5eb5
      size: 877
    params:
      params.yaml:
        modelling.max_depth: 15
        modelling.n_estimators: 300
    outs:
    - path: models\random_forest_model.pkl
      hash: md5
      md5: edec661df1d5c7fdcfd8bad4dc4e1748
      size: 6633973
  model_evaluation:
    cmd: python src\modelling\model_evaluation.py
    deps:
    - path: data\interim\test_tfidf.csv
      hash: md5
      md5: 12fe5b6bb8414e109d2fe9e8ff881485
      size: 2648591
    - path: models\random_forest_model.pkl
      hash: md5
      md5: edec661df1d5c7fdcfd8bad4dc4e1748
      size: 6633973
    - path: src\modelling\model_evaluation.py
      hash: md5
      md5: 4aeba694ab131eb300e05eda1c5f5788
      size: 1040
    outs:
    - path: reports\metrics_tfidf.json
      hash: md5
      md5: 881e071cc06cabbf34460b411cad7970
      size: 148
