schema: '2.0'
stages:
  data_ingestion:
    cmd: python src\data\data_ingestion.py
    deps:
    - path: src\data\data_ingestion.py
      hash: md5
      md5: 8fa92cccd6df41b1d7f6ccc47ddb5475
      size: 1286
    params:
      params.yaml:
        data_ingestion.test_size: 0.3
    outs:
    - path: data\raw\test_data.csv
      hash: md5
      md5: 00e92fbd32276319d5b2efb0c047cd51
      size: 248475
    - path: data\raw\train_data.csv
      hash: md5
      md5: 0b51c9a20421c5215654dc30eb0cb163
      size: 579498
  data_preprocessing:
    cmd: python src\data\data_preprocessing.py
    deps:
    - path: data\raw\test_data.csv
      hash: md5
      md5: 00e92fbd32276319d5b2efb0c047cd51
      size: 248475
    - path: data\raw\train_data.csv
      hash: md5
      md5: 0b51c9a20421c5215654dc30eb0cb163
      size: 579498
    - path: src\data\data_preprocessing.py
      hash: md5
      md5: 229addb9d7b865fab28ed22b742b15df
      size: 3206
    outs:
    - path: data\processed\test_data.csv
      hash: md5
      md5: 77e002c6632d604c0bfd70d9b845847e
      size: 169992
    - path: data\processed\train_data.csv
      hash: md5
      md5: c91070b226cb06f9b54abdf85ebb2cd4
      size: 396218
  feature_engineering:
    cmd: python src\features\features.py
    deps:
    - path: data\processed\test_data.csv
      hash: md5
      md5: 77e002c6632d604c0bfd70d9b845847e
      size: 169992
    - path: data\processed\train_data.csv
      hash: md5
      md5: c91070b226cb06f9b54abdf85ebb2cd4
      size: 396218
    - path: src\features\features.py
      hash: md5
      md5: 24321acc266eb4061cc9d500365333bb
      size: 1517
    params:
      params.yaml:
        feature_engineering.max_features: 200
    outs:
    - path: data\interim\test_bow.csv
      hash: md5
      md5: fa92f38be6a93abcc57a37727c661886
      size: 1254833
    - path: data\interim\train_bow.csv
      hash: md5
      md5: bb3f4f4f972819602e7cb4c1f72223e4
      size: 2926477
  modelling:
    cmd: python src\modelling\modelling.py
    deps:
    - path: data\interim\train_bow.csv
      hash: md5
      md5: bb3f4f4f972819602e7cb4c1f72223e4
      size: 2926477
    - path: src\modelling\modelling.py
      hash: md5
      md5: d9d72bc61693708da51902f2d51aaeb8
      size: 881
    params:
      params.yaml:
        modelling.max_depth: 15
        modelling.n_estimators: 300
    outs:
    - path: models\random_forest_model.pkl
      hash: md5
      md5: ce9359976bde1b2365518629fb53a558
      size: 8011263
  model_evaluation:
    cmd: python src\modelling\model_evaluation.py
    deps:
    - path: data\interim\test_bow.csv
      hash: md5
      md5: fa92f38be6a93abcc57a37727c661886
      size: 1254833
    - path: models\random_forest_model.pkl
      hash: md5
      md5: ce9359976bde1b2365518629fb53a558
      size: 8011263
    - path: src\modelling\model_evaluation.py
      hash: md5
      md5: 0f3501a19c337de3cf8468419360a3e1
      size: 1049
    outs:
    - path: reports\metrics_hyperparameter.json
      hash: md5
      md5: b21001b787bfd00af9a0577370198f4f
      size: 148
